
Microsoft Visual Studio Solution File, Format Version 12.00
# Visual Studio 15
VisualStudioVersion = 15.0.27130.2036
MinimumVisualStudioVersion = 10.0.40219.1
Project("{9092AA53-FB77-4645-B42D-1CCCA6BD08BD}") = "Server", "Server\Server.njsproj", "{1A8941E8-6C00-4E12-B40F-AEF72116E6AB}"
EndProject
Global
	GlobalSection(SolutionConfigurationPlatforms) = preSolution
		Debug|Any CPU = Debug|Any CPU
		Release|Any CPU = Release|Any CPU
	EndGlobalSection
	GlobalSection(ProjectConfigurationPlatforms) = postSolution
		{1A8941E8-6C00-4E12-B40F-AEF72116E6AB}.Debug|Any CPU.ActiveCfg = Debug|Any CPU
		{1A8941E8-6C00-4E12-B40F-AEF72116E6AB}.Debug|Any CPU.Build.0 = Debug|Any CPU
		{1A8941E8-6C00-4E12-B40F-AEF72116E6AB}.Release|Any CPU.ActiveCfg = Release|Any CPU
		{1A8941E8-6C00-4E12-B40F-AEF72116E6AB}.Release|Any CPU.Build.0 = Release|Any CPU
	EndGlobalSection
	GlobalSection(SolutionProperties) = preSolution
		HideSolutionNode = FALSE
	EndGlobalSection
	GlobalSection(ExtensibilityGlobals) = postSolution
		SolutionGuid = {54AF2856-B884-4933-B661-F442684F64B6}
	EndGlobalSection
EndGlobal
